
Microsoft Visual Studio Solution File, Format Version 12.00
# Visual Studio Version 16
VisualStudioVersion = 16.0.28803.352
MinimumVisualStudioVersion = 10.0.40219.1
Project("{9A19103F-16F7-4668-BE54-9A1E7A4F7556}") = "MobilePayHomeworkTask", "MobilePayHomeworkTask\MobilePayHomeworkTask.csproj", "{508E0F57-0D81-4CA0-9D15-1D9186371FEE}"
EndProject
Project("{FAE04EC0-301F-11D3-BF4B-00C04F79EFBC}") = "UnitTestProject", "UnitTestProject\UnitTestProject.csproj", "{C4F0A767-9263-4080-8508-09B6A02047C7}"
EndProject
Global
	GlobalSection(SolutionConfigurationPlatforms) = preSolution
		Debug|Any CPU = Debug|Any CPU
		Release|Any CPU = Release|Any CPU
	EndGlobalSection
	GlobalSection(ProjectConfigurationPlatforms) = postSolution
		{508E0F57-0D81-4CA0-9D15-1D9186371FEE}.Debug|Any CPU.ActiveCfg = Debug|Any CPU
		{508E0F57-0D81-4CA0-9D15-1D9186371FEE}.Debug|Any CPU.Build.0 = Debug|Any CPU
		{508E0F57-0D81-4CA0-9D15-1D9186371FEE}.Release|Any CPU.ActiveCfg = Release|Any CPU
		{508E0F57-0D81-4CA0-9D15-1D9186371FEE}.Release|Any CPU.Build.0 = Release|Any CPU
		{C4F0A767-9263-4080-8508-09B6A02047C7}.Debug|Any CPU.ActiveCfg = Debug|Any CPU
		{C4F0A767-9263-4080-8508-09B6A02047C7}.Debug|Any CPU.Build.0 = Debug|Any CPU
		{C4F0A767-9263-4080-8508-09B6A02047C7}.Release|Any CPU.ActiveCfg = Release|Any CPU
		{C4F0A767-9263-4080-8508-09B6A02047C7}.Release|Any CPU.Build.0 = Release|Any CPU
	EndGlobalSection
	GlobalSection(SolutionProperties) = preSolution
		HideSolutionNode = FALSE
	EndGlobalSection
	GlobalSection(ExtensibilityGlobals) = postSolution
		SolutionGuid = {D594CCE4-1C09-45E0-BF8B-E45B52AAEBC5}
	EndGlobalSection
EndGlobal
